
Microsoft Visual Studio Solution File, Format Version 12.00
# Visual Studio Version 17
VisualStudioVersion = 17.3.32901.215
MinimumVisualStudioVersion = 10.0.40219.1
Project("{888888A0-9F3D-457C-B088-3A5042F75D52}") = "002", "002\002.pyproj", "{8A9D59C2-64B2-40D1-BF42-312AD4FCA6B6}"
EndProject
Project("{888888A0-9F3D-457C-B088-3A5042F75D52}") = "003", "003\003.pyproj", "{C3F114DC-29E6-482E-BDDE-A51601E42DCC}"
EndProject
Project("{888888A0-9F3D-457C-B088-3A5042F75D52}") = "008", "008\008.pyproj", "{899D71C7-7190-44AD-9127-46952840E56A}"
EndProject
Project("{888888A0-9F3D-457C-B088-3A5042F75D52}") = "013", "013\013.pyproj", "{016A1C0D-1170-47E7-B623-C915BCFA7A16}"
EndProject
Project("{888888A0-9F3D-457C-B088-3A5042F75D52}") = "018", "018\018.pyproj", "{A3BA0573-2D80-4FA0-A05D-457511A0EADE}"
EndProject
Project("{888888A0-9F3D-457C-B088-3A5042F75D52}") = "023", "023\023.pyproj", "{E973F219-02A3-4B99-B3A6-1B4D188B457C}"
EndProject
Project("{888888A0-9F3D-457C-B088-3A5042F75D52}") = "028", "028\028.pyproj", "{7402DAC4-0F40-4397-A1F0-53820B86051F}"
EndProject
Project("{888888A0-9F3D-457C-B088-3A5042F75D52}") = "033", "033\033.pyproj", "{D550B8BC-CE3D-4232-AAC7-9EF8E72FF96D}"
EndProject
Project("{888888A0-9F3D-457C-B088-3A5042F75D52}") = "038", "038\038.pyproj", "{2EC6E254-BD0F-47F7-BD82-34C28ACAA13D}"
EndProject
Project("{888888A0-9F3D-457C-B088-3A5042F75D52}") = "043", "043\043.pyproj", "{9DEDE72D-9C7A-468D-9FAD-5AC136050946}"
EndProject
Project("{888888A0-9F3D-457C-B088-3A5042F75D52}") = "048", "048\048.pyproj", "{51F302BA-034D-4C8D-9074-17743AF129F7}"
EndProject
Project("{888888A0-9F3D-457C-B088-3A5042F75D52}") = "053", "053\053.pyproj", "{CD192745-0667-4D1A-AC7A-93D34995F51C}"
EndProject
Project("{888888A0-9F3D-457C-B088-3A5042F75D52}") = "058", "058\058.pyproj", "{5F5A9EE1-7111-444E-AE75-D4ACCB7ACD99}"
EndProject
Project("{888888A0-9F3D-457C-B088-3A5042F75D52}") = "063", "063\063.pyproj", "{D0169807-A197-4A96-9A44-C316C327705B}"
EndProject
Project("{888888A0-9F3D-457C-B088-3A5042F75D52}") = "068", "068\068.pyproj", "{CE6F8E45-BF9E-468F-9B55-451F894CB76B}"
EndProject
Project("{888888A0-9F3D-457C-B088-3A5042F75D52}") = "073", "073\073.pyproj", "{78E77379-098C-4F88-8DCB-D7268CC0AFE7}"
EndProject
Project("{888888A0-9F3D-457C-B088-3A5042F75D52}") = "078", "078\078.pyproj", "{71B438DD-EB81-4B05-A397-4FEC0FFC2895}"
EndProject
Project("{888888A0-9F3D-457C-B088-3A5042F75D52}") = "083", "083\083.pyproj", "{F02072BF-10F6-438F-B121-E3EED46A8A31}"
EndProject
Project("{888888A0-9F3D-457C-B088-3A5042F75D52}") = "007", "007\007.pyproj", "{4666840C-4BA1-4F55-983B-A122C694C013}"
EndProject
Project("{888888A0-9F3D-457C-B088-3A5042F75D52}") = "012", "012\012.pyproj", "{0BB64A98-0B37-4D89-937A-B56C4AAD4BF6}"
EndProject
Project("{888888A0-9F3D-457C-B088-3A5042F75D52}") = "017", "017\017.pyproj", "{E5833750-5900-4C58-A80C-5410CFB6B889}"
EndProject
Project("{888888A0-9F3D-457C-B088-3A5042F75D52}") = "022", "022\022.pyproj", "{9CF57084-B70E-4D08-92AE-63360B5E67D7}"
EndProject
Project("{888888A0-9F3D-457C-B088-3A5042F75D52}") = "027", "027\027.pyproj", "{1DF5D305-CBF3-4E01-9286-A1B012DE66CA}"
EndProject
Project("{888888A0-9F3D-457C-B088-3A5042F75D52}") = "032", "032\032.pyproj", "{4132DC52-2E2E-4026-BAB9-0F3AC1114A41}"
EndProject
Project("{888888A0-9F3D-457C-B088-3A5042F75D52}") = "037", "037\037.pyproj", "{40E08DD7-A931-4C95-937B-4B6C70757C50}"
EndProject
Project("{888888A0-9F3D-457C-B088-3A5042F75D52}") = "042", "042\042.pyproj", "{9C586B36-7178-462A-B340-8E10A3139909}"
EndProject
Project("{888888A0-9F3D-457C-B088-3A5042F75D52}") = "047", "047\047.pyproj", "{25E5837A-AB4D-47DA-967E-B42590C39826}"
EndProject
Project("{888888A0-9F3D-457C-B088-3A5042F75D52}") = "052", "052\052.pyproj", "{2FBD66A8-43F9-4655-8918-872ADEE5D4C3}"
EndProject
Project("{888888A0-9F3D-457C-B088-3A5042F75D52}") = "057", "057\057.pyproj", "{75807D2D-BA9F-4CCB-B92E-363816B18B2E}"
EndProject
Project("{888888A0-9F3D-457C-B088-3A5042F75D52}") = "062", "062\062.pyproj", "{78AB3092-E9A2-435A-9C25-92D0109DB6D5}"
EndProject
Project("{888888A0-9F3D-457C-B088-3A5042F75D52}") = "067", "067\067.pyproj", "{DA007302-81EF-448C-93DD-72D475E50AA9}"
EndProject
Project("{888888A0-9F3D-457C-B088-3A5042F75D52}") = "072", "072\072.pyproj", "{CC28F4C1-55DA-403B-83B9-EF838366D7AA}"
EndProject
Project("{888888A0-9F3D-457C-B088-3A5042F75D52}") = "077", "077\077.pyproj", "{89C97125-8475-4A3C-A5D2-AF95DF9FADE2}"
EndProject
Project("{888888A0-9F3D-457C-B088-3A5042F75D52}") = "082", "082\082.pyproj", "{BCAC0A47-9D6E-4655-A330-D82E75E4E0E5}"
EndProject
Project("{888888A0-9F3D-457C-B088-3A5042F75D52}") = "087", "087\087.pyproj", "{026A814E-F73C-47DC-A1C4-7E2009196654}"
EndProject
Project("{888888A0-9F3D-457C-B088-3A5042F75D52}") = "092", "092\092.pyproj", "{49822895-FD81-408B-A2CE-DD9199798DE5}"
EndProject
Project("{888888A0-9F3D-457C-B088-3A5042F75D52}") = "097", "097\097.pyproj", "{AD376911-C591-4853-A68A-77133933702D}"
EndProject
Project("{888888A0-9F3D-457C-B088-3A5042F75D52}") = "102", "102\102.pyproj", "{8CBBC6B8-5884-43F6-9457-88B4A5360757}"
EndProject
Project("{888888A0-9F3D-457C-B088-3A5042F75D52}") = "107", "107\107.pyproj", "{29CBA029-D9AD-4ECD-9DE6-91CE4F17DBFD}"
EndProject
Project("{888888A0-9F3D-457C-B088-3A5042F75D52}") = "112", "112\112.pyproj", "{D9C2D901-C262-4E84-8471-D55501152792}"
EndProject
Project("{888888A0-9F3D-457C-B088-3A5042F75D52}") = "001", "001\001.pyproj", "{3F1F97D6-252C-4A2A-8B06-0E0D1FA33729}"
EndProject
Project("{888888A0-9F3D-457C-B088-3A5042F75D52}") = "006", "006\006.pyproj", "{E1DFEB4F-0197-4E40-A6CC-DAE9970BC299}"
EndProject
Project("{888888A0-9F3D-457C-B088-3A5042F75D52}") = "011", "011\011.pyproj", "{771C79B8-2034-45DF-B706-C0BA9023D5F9}"
EndProject
Project("{888888A0-9F3D-457C-B088-3A5042F75D52}") = "016", "016\016.pyproj", "{2728D5A3-3B0E-4938-B590-E5727D547817}"
EndProject
Project("{888888A0-9F3D-457C-B088-3A5042F75D52}") = "021", "021\021.pyproj", "{20CA2F8F-5D5D-4740-B4D8-C4D36D88CFF5}"
EndProject
Project("{888888A0-9F3D-457C-B088-3A5042F75D52}") = "026", "026\026.pyproj", "{CFFC7C74-F9DE-46D9-9991-6B12DD9228A0}"
EndProject
Project("{888888A0-9F3D-457C-B088-3A5042F75D52}") = "031", "031\031.pyproj", "{98C79CB9-B34E-4EC6-AB38-43B5211D0FB7}"
EndProject
Project("{888888A0-9F3D-457C-B088-3A5042F75D52}") = "036", "036\036.pyproj", "{A22678F5-FBA2-4162-9EFD-D35A88B430BD}"
EndProject
Project("{888888A0-9F3D-457C-B088-3A5042F75D52}") = "041", "041\041.pyproj", "{79F138C3-D0C4-4124-981C-CF0935479C39}"
EndProject
Project("{888888A0-9F3D-457C-B088-3A5042F75D52}") = "046", "046\046.pyproj", "{8238BFE2-F4AB-452E-BCEA-D971619CD82F}"
EndProject
Project("{888888A0-9F3D-457C-B088-3A5042F75D52}") = "051", "051\051.pyproj", "{44D08368-DEF3-4158-8139-99DEAC860E0E}"
EndProject
Project("{888888A0-9F3D-457C-B088-3A5042F75D52}") = "056", "056\056.pyproj", "{536BA550-8841-4B8E-BC8F-5274F728ABE4}"
EndProject
Project("{888888A0-9F3D-457C-B088-3A5042F75D52}") = "061", "061\061.pyproj", "{746E11C9-F5F5-426F-BBC2-D97D9AB1BB96}"
EndProject
Project("{888888A0-9F3D-457C-B088-3A5042F75D52}") = "066", "066\066.pyproj", "{7ED7D58E-1043-41A6-A1B5-00901F67F653}"
EndProject
Project("{888888A0-9F3D-457C-B088-3A5042F75D52}") = "071", "071\071.pyproj", "{853EBCB6-243E-49BD-9D84-AD9DB819B652}"
EndProject
Project("{888888A0-9F3D-457C-B088-3A5042F75D52}") = "076", "076\076.pyproj", "{32124D4E-3BE6-4ED9-B7EC-A4ACF54788C5}"
EndProject
Project("{888888A0-9F3D-457C-B088-3A5042F75D52}") = "081", "081\081.pyproj", "{CE16C6F7-2CAA-47D9-9281-E38E5138520E}"
EndProject
Project("{888888A0-9F3D-457C-B088-3A5042F75D52}") = "086", "086\086.pyproj", "{4CA2C3B3-D91C-4D66-BF77-E4B9AE6735B3}"
EndProject
Project("{888888A0-9F3D-457C-B088-3A5042F75D52}") = "091", "091\091.pyproj", "{6B91480B-2223-4CC7-B959-6FE18318ADF5}"
EndProject
Project("{888888A0-9F3D-457C-B088-3A5042F75D52}") = "096", "096\096.pyproj", "{883B5723-5D7C-4980-B01A-9F42183E7B2C}"
EndProject
Project("{888888A0-9F3D-457C-B088-3A5042F75D52}") = "101", "101\101.pyproj", "{BC48107E-D327-4989-A6DA-0521FF77CDFC}"
EndProject
Project("{888888A0-9F3D-457C-B088-3A5042F75D52}") = "106", "106\106.pyproj", "{34223144-EE89-42BA-B99D-A5B3A43626DE}"
EndProject
Project("{888888A0-9F3D-457C-B088-3A5042F75D52}") = "111", "111\111.pyproj", "{8D90EDEB-4C1D-44E1-B818-A97F8B88B6CC}"
EndProject
Project("{888888A0-9F3D-457C-B088-3A5042F75D52}") = "116", "116\116.pyproj", "{90522F48-432F-473B-BC07-062E4FDEE550}"
EndProject
Project("{888888A0-9F3D-457C-B088-3A5042F75D52}") = "121", "121\121.pyproj", "{5BFB3A40-DBE2-4B26-BB68-2A390E34B207}"
EndProject
Project("{888888A0-9F3D-457C-B088-3A5042F75D52}") = "126", "126\126.pyproj", "{1B5704C9-F3F3-43CC-8B9A-F07DE2AC692B}"
EndProject
<<<<<<< HEAD
<<<<<<< HEAD
=======
Project("{888888A0-9F3D-457C-B088-3A5042F75D52}") = "005", "005\005.pyproj", "{D3AD0214-631F-42EA-AD02-C114801BB411}"
EndProject
Project("{888888A0-9F3D-457C-B088-3A5042F75D52}") = "010", "010\010.pyproj", "{6EEAAA31-EBDA-4025-B101-E4923D1E30C0}"
EndProject
Project("{888888A0-9F3D-457C-B088-3A5042F75D52}") = "015", "015\015.pyproj", "{18CD7C5C-6596-49C2-A3BB-42E4CF9B8CBE}"
EndProject
Project("{888888A0-9F3D-457C-B088-3A5042F75D52}") = "020", "020\020.pyproj", "{9AD51FE5-3B44-40DA-88D1-D24D8B2A0A79}"
EndProject
Project("{888888A0-9F3D-457C-B088-3A5042F75D52}") = "025", "025\025.pyproj", "{B0AB16A6-07C9-486B-8F92-708F33CB8BAB}"
EndProject
Project("{888888A0-9F3D-457C-B088-3A5042F75D52}") = "030", "030\030.pyproj", "{13F54F8F-AD8E-4ACD-8ACC-8EFC0ECACE05}"
EndProject
>>>>>>> 21522263
=======
>>>>>>> 73e8d180700991f87c621699f4f69cc5ccbcf3c3
Project("{888888A0-9F3D-457C-B088-3A5042F75D52}") = "131", "131\131.pyproj", "{642AF22B-BFB5-465D-81EA-29210A1390BB}"
EndProject
Project("{888888A0-9F3D-457C-B088-3A5042F75D52}") = "136", "136\136.pyproj", "{ECB97C21-5CE5-4BE8-BA4A-169975029D2F}"
EndProject
Project("{888888A0-9F3D-457C-B088-3A5042F75D52}") = "141", "141\141.pyproj", "{2BC14CB0-6B43-4659-A14C-991B95D4F2C2}"
EndProject
<<<<<<< HEAD
<<<<<<< HEAD
=======
>>>>>>> 73e8d180700991f87c621699f4f69cc5ccbcf3c3
Project("{888888A0-9F3D-457C-B088-3A5042F75D52}") = "146", "146\146.pyproj", "{33507C67-2F52-4D4E-807C-D2056259BCA6}"
EndProject
Project("{888888A0-9F3D-457C-B088-3A5042F75D52}") = "151", "151\151.pyproj", "{92880286-C89C-4A46-B09D-791A041E5797}"
EndProject
Project("{888888A0-9F3D-457C-B088-3A5042F75D52}") = "156", "156\156.pyproj", "{472A65D3-E584-424E-B2CE-25DABB4F8BCB}"
EndProject
Project("{888888A0-9F3D-457C-B088-3A5042F75D52}") = "161", "161\161.pyproj", "{29DC67E4-36F2-42D6-845C-E48F054CEB0B}"
EndProject
Project("{888888A0-9F3D-457C-B088-3A5042F75D52}") = "166", "166\166.pyproj", "{3C79C109-3406-4869-8C44-76D42027423D}"
EndProject
Project("{888888A0-9F3D-457C-B088-3A5042F75D52}") = "117", "117\117.pyproj", "{3CDAC940-D1B3-41BC-B257-A1F4AE35837D}"
EndProject
Project("{888888A0-9F3D-457C-B088-3A5042F75D52}") = "122", "122\122.pyproj", "{A4703F78-877A-4D99-A57F-9C0D48AEDE0B}"
<<<<<<< HEAD
=======
Project("{888888A0-9F3D-457C-B088-3A5042F75D52}") = "035", "035\035.pyproj", "{9476C3B4-BCB8-4148-B87A-0D7B7750ABE7}"
EndProject
Project("{888888A0-9F3D-457C-B088-3A5042F75D52}") = "040", "040\040.pyproj", "{1C93AD30-7AA5-46C5-82C5-D45996C96B4A}"
EndProject
Project("{888888A0-9F3D-457C-B088-3A5042F75D52}") = "045", "045\045.pyproj", "{3C4FEE73-EF8C-4A2F-BCFB-6B6A83B9A4A8}"
EndProject
Project("{888888A0-9F3D-457C-B088-3A5042F75D52}") = "050", "050\050.pyproj", "{63E625DD-E64B-4900-B5CE-A4EB830DC9E0}"
EndProject
Project("{888888A0-9F3D-457C-B088-3A5042F75D52}") = "055", "055\055.pyproj", "{130FDE84-D8C2-439C-9968-5736EA5B6F7F}"
EndProject
Project("{888888A0-9F3D-457C-B088-3A5042F75D52}") = "060", "060\060.pyproj", "{AA7FA991-956C-4AD2-A791-E5FB3FA6900A}"
EndProject
Project("{888888A0-9F3D-457C-B088-3A5042F75D52}") = "065", "065\065.pyproj", "{E46C7B58-EF4D-45CD-A014-E44E4DA7F492}"
EndProject
Project("{888888A0-9F3D-457C-B088-3A5042F75D52}") = "070", "070\070.pyproj", "{509BACDD-2F8E-4CF6-86EF-4D973376EEA6}"
EndProject
Project("{888888A0-9F3D-457C-B088-3A5042F75D52}") = "075", "075\075.pyproj", "{B3B4F79C-1CC9-4783-8537-13056DCAED32}"
EndProject
Project("{888888A0-9F3D-457C-B088-3A5042F75D52}") = "080", "080\080.pyproj", "{305C4007-4EB0-4092-A51E-A7480C9E3D36}"
EndProject
Project("{888888A0-9F3D-457C-B088-3A5042F75D52}") = "085", "085\085.pyproj", "{51711717-7A4F-4B39-A528-08B008357B9D}"
EndProject
Project("{888888A0-9F3D-457C-B088-3A5042F75D52}") = "090", "090\090.pyproj", "{C5B04046-161F-4E24-83F4-CF2E29E423AB}"
EndProject
Project("{888888A0-9F3D-457C-B088-3A5042F75D52}") = "095", "095\095.pyproj", "{3D38ADE8-926F-4926-A2CE-E6E35A66E40B}"
EndProject
Project("{888888A0-9F3D-457C-B088-3A5042F75D52}") = "100", "100\100.pyproj", "{D139449D-766A-4CCF-81B4-5D71D207B14E}"
EndProject
Project("{888888A0-9F3D-457C-B088-3A5042F75D52}") = "105", "105\105.pyproj", "{F460A0DF-F100-4D66-A831-9D30306C78F9}"
EndProject
Project("{888888A0-9F3D-457C-B088-3A5042F75D52}") = "110", "110\110.pyproj", "{D992FDC5-404F-4062-88B5-35E2B72E7A77}"
>>>>>>> 21522263
=======
>>>>>>> 73e8d180700991f87c621699f4f69cc5ccbcf3c3
EndProject
Global
	GlobalSection(SolutionConfigurationPlatforms) = preSolution
		Debug|Any CPU = Debug|Any CPU
		Release|Any CPU = Release|Any CPU
	EndGlobalSection
	GlobalSection(ProjectConfigurationPlatforms) = postSolution
		{8A9D59C2-64B2-40D1-BF42-312AD4FCA6B6}.Debug|Any CPU.ActiveCfg = Debug|Any CPU
		{8A9D59C2-64B2-40D1-BF42-312AD4FCA6B6}.Release|Any CPU.ActiveCfg = Release|Any CPU
		{C3F114DC-29E6-482E-BDDE-A51601E42DCC}.Debug|Any CPU.ActiveCfg = Debug|Any CPU
		{C3F114DC-29E6-482E-BDDE-A51601E42DCC}.Release|Any CPU.ActiveCfg = Release|Any CPU
		{899D71C7-7190-44AD-9127-46952840E56A}.Debug|Any CPU.ActiveCfg = Debug|Any CPU
		{899D71C7-7190-44AD-9127-46952840E56A}.Release|Any CPU.ActiveCfg = Release|Any CPU
		{016A1C0D-1170-47E7-B623-C915BCFA7A16}.Debug|Any CPU.ActiveCfg = Debug|Any CPU
		{016A1C0D-1170-47E7-B623-C915BCFA7A16}.Release|Any CPU.ActiveCfg = Release|Any CPU
		{A3BA0573-2D80-4FA0-A05D-457511A0EADE}.Debug|Any CPU.ActiveCfg = Debug|Any CPU
		{A3BA0573-2D80-4FA0-A05D-457511A0EADE}.Release|Any CPU.ActiveCfg = Release|Any CPU
		{E973F219-02A3-4B99-B3A6-1B4D188B457C}.Debug|Any CPU.ActiveCfg = Debug|Any CPU
		{E973F219-02A3-4B99-B3A6-1B4D188B457C}.Release|Any CPU.ActiveCfg = Release|Any CPU
		{7402DAC4-0F40-4397-A1F0-53820B86051F}.Debug|Any CPU.ActiveCfg = Debug|Any CPU
		{7402DAC4-0F40-4397-A1F0-53820B86051F}.Release|Any CPU.ActiveCfg = Release|Any CPU
		{D550B8BC-CE3D-4232-AAC7-9EF8E72FF96D}.Debug|Any CPU.ActiveCfg = Debug|Any CPU
		{D550B8BC-CE3D-4232-AAC7-9EF8E72FF96D}.Release|Any CPU.ActiveCfg = Release|Any CPU
		{2EC6E254-BD0F-47F7-BD82-34C28ACAA13D}.Debug|Any CPU.ActiveCfg = Debug|Any CPU
		{2EC6E254-BD0F-47F7-BD82-34C28ACAA13D}.Release|Any CPU.ActiveCfg = Release|Any CPU
		{9DEDE72D-9C7A-468D-9FAD-5AC136050946}.Debug|Any CPU.ActiveCfg = Debug|Any CPU
		{9DEDE72D-9C7A-468D-9FAD-5AC136050946}.Release|Any CPU.ActiveCfg = Release|Any CPU
		{51F302BA-034D-4C8D-9074-17743AF129F7}.Debug|Any CPU.ActiveCfg = Debug|Any CPU
		{51F302BA-034D-4C8D-9074-17743AF129F7}.Release|Any CPU.ActiveCfg = Release|Any CPU
		{CD192745-0667-4D1A-AC7A-93D34995F51C}.Debug|Any CPU.ActiveCfg = Debug|Any CPU
		{CD192745-0667-4D1A-AC7A-93D34995F51C}.Release|Any CPU.ActiveCfg = Release|Any CPU
		{5F5A9EE1-7111-444E-AE75-D4ACCB7ACD99}.Debug|Any CPU.ActiveCfg = Debug|Any CPU
		{5F5A9EE1-7111-444E-AE75-D4ACCB7ACD99}.Release|Any CPU.ActiveCfg = Release|Any CPU
		{D0169807-A197-4A96-9A44-C316C327705B}.Debug|Any CPU.ActiveCfg = Debug|Any CPU
		{D0169807-A197-4A96-9A44-C316C327705B}.Release|Any CPU.ActiveCfg = Release|Any CPU
		{CE6F8E45-BF9E-468F-9B55-451F894CB76B}.Debug|Any CPU.ActiveCfg = Debug|Any CPU
		{CE6F8E45-BF9E-468F-9B55-451F894CB76B}.Release|Any CPU.ActiveCfg = Release|Any CPU
		{78E77379-098C-4F88-8DCB-D7268CC0AFE7}.Debug|Any CPU.ActiveCfg = Debug|Any CPU
		{78E77379-098C-4F88-8DCB-D7268CC0AFE7}.Release|Any CPU.ActiveCfg = Release|Any CPU
		{71B438DD-EB81-4B05-A397-4FEC0FFC2895}.Debug|Any CPU.ActiveCfg = Debug|Any CPU
		{71B438DD-EB81-4B05-A397-4FEC0FFC2895}.Release|Any CPU.ActiveCfg = Release|Any CPU
		{F02072BF-10F6-438F-B121-E3EED46A8A31}.Debug|Any CPU.ActiveCfg = Debug|Any CPU
		{F02072BF-10F6-438F-B121-E3EED46A8A31}.Release|Any CPU.ActiveCfg = Release|Any CPU
		{4666840C-4BA1-4F55-983B-A122C694C013}.Debug|Any CPU.ActiveCfg = Debug|Any CPU
		{4666840C-4BA1-4F55-983B-A122C694C013}.Release|Any CPU.ActiveCfg = Release|Any CPU
		{0BB64A98-0B37-4D89-937A-B56C4AAD4BF6}.Debug|Any CPU.ActiveCfg = Debug|Any CPU
		{0BB64A98-0B37-4D89-937A-B56C4AAD4BF6}.Release|Any CPU.ActiveCfg = Release|Any CPU
		{E5833750-5900-4C58-A80C-5410CFB6B889}.Debug|Any CPU.ActiveCfg = Debug|Any CPU
		{E5833750-5900-4C58-A80C-5410CFB6B889}.Release|Any CPU.ActiveCfg = Release|Any CPU
		{9CF57084-B70E-4D08-92AE-63360B5E67D7}.Debug|Any CPU.ActiveCfg = Debug|Any CPU
		{9CF57084-B70E-4D08-92AE-63360B5E67D7}.Release|Any CPU.ActiveCfg = Release|Any CPU
		{1DF5D305-CBF3-4E01-9286-A1B012DE66CA}.Debug|Any CPU.ActiveCfg = Debug|Any CPU
		{1DF5D305-CBF3-4E01-9286-A1B012DE66CA}.Release|Any CPU.ActiveCfg = Release|Any CPU
		{4132DC52-2E2E-4026-BAB9-0F3AC1114A41}.Debug|Any CPU.ActiveCfg = Debug|Any CPU
		{4132DC52-2E2E-4026-BAB9-0F3AC1114A41}.Release|Any CPU.ActiveCfg = Release|Any CPU
		{40E08DD7-A931-4C95-937B-4B6C70757C50}.Debug|Any CPU.ActiveCfg = Debug|Any CPU
		{40E08DD7-A931-4C95-937B-4B6C70757C50}.Release|Any CPU.ActiveCfg = Release|Any CPU
		{9C586B36-7178-462A-B340-8E10A3139909}.Debug|Any CPU.ActiveCfg = Debug|Any CPU
		{9C586B36-7178-462A-B340-8E10A3139909}.Release|Any CPU.ActiveCfg = Release|Any CPU
		{25E5837A-AB4D-47DA-967E-B42590C39826}.Debug|Any CPU.ActiveCfg = Debug|Any CPU
		{25E5837A-AB4D-47DA-967E-B42590C39826}.Release|Any CPU.ActiveCfg = Release|Any CPU
		{2FBD66A8-43F9-4655-8918-872ADEE5D4C3}.Debug|Any CPU.ActiveCfg = Debug|Any CPU
		{2FBD66A8-43F9-4655-8918-872ADEE5D4C3}.Release|Any CPU.ActiveCfg = Release|Any CPU
		{75807D2D-BA9F-4CCB-B92E-363816B18B2E}.Debug|Any CPU.ActiveCfg = Debug|Any CPU
		{75807D2D-BA9F-4CCB-B92E-363816B18B2E}.Release|Any CPU.ActiveCfg = Release|Any CPU
		{78AB3092-E9A2-435A-9C25-92D0109DB6D5}.Debug|Any CPU.ActiveCfg = Debug|Any CPU
		{78AB3092-E9A2-435A-9C25-92D0109DB6D5}.Release|Any CPU.ActiveCfg = Release|Any CPU
		{DA007302-81EF-448C-93DD-72D475E50AA9}.Debug|Any CPU.ActiveCfg = Debug|Any CPU
		{DA007302-81EF-448C-93DD-72D475E50AA9}.Release|Any CPU.ActiveCfg = Release|Any CPU
		{CC28F4C1-55DA-403B-83B9-EF838366D7AA}.Debug|Any CPU.ActiveCfg = Debug|Any CPU
		{CC28F4C1-55DA-403B-83B9-EF838366D7AA}.Release|Any CPU.ActiveCfg = Release|Any CPU
		{89C97125-8475-4A3C-A5D2-AF95DF9FADE2}.Debug|Any CPU.ActiveCfg = Debug|Any CPU
		{89C97125-8475-4A3C-A5D2-AF95DF9FADE2}.Release|Any CPU.ActiveCfg = Release|Any CPU
		{BCAC0A47-9D6E-4655-A330-D82E75E4E0E5}.Debug|Any CPU.ActiveCfg = Debug|Any CPU
		{BCAC0A47-9D6E-4655-A330-D82E75E4E0E5}.Release|Any CPU.ActiveCfg = Release|Any CPU
		{026A814E-F73C-47DC-A1C4-7E2009196654}.Debug|Any CPU.ActiveCfg = Debug|Any CPU
		{026A814E-F73C-47DC-A1C4-7E2009196654}.Release|Any CPU.ActiveCfg = Release|Any CPU
		{49822895-FD81-408B-A2CE-DD9199798DE5}.Debug|Any CPU.ActiveCfg = Debug|Any CPU
		{49822895-FD81-408B-A2CE-DD9199798DE5}.Release|Any CPU.ActiveCfg = Release|Any CPU
		{AD376911-C591-4853-A68A-77133933702D}.Debug|Any CPU.ActiveCfg = Debug|Any CPU
		{AD376911-C591-4853-A68A-77133933702D}.Release|Any CPU.ActiveCfg = Release|Any CPU
		{8CBBC6B8-5884-43F6-9457-88B4A5360757}.Debug|Any CPU.ActiveCfg = Debug|Any CPU
		{8CBBC6B8-5884-43F6-9457-88B4A5360757}.Release|Any CPU.ActiveCfg = Release|Any CPU
		{29CBA029-D9AD-4ECD-9DE6-91CE4F17DBFD}.Debug|Any CPU.ActiveCfg = Debug|Any CPU
		{29CBA029-D9AD-4ECD-9DE6-91CE4F17DBFD}.Release|Any CPU.ActiveCfg = Release|Any CPU
		{D9C2D901-C262-4E84-8471-D55501152792}.Debug|Any CPU.ActiveCfg = Debug|Any CPU
		{D9C2D901-C262-4E84-8471-D55501152792}.Release|Any CPU.ActiveCfg = Release|Any CPU
		{3F1F97D6-252C-4A2A-8B06-0E0D1FA33729}.Debug|Any CPU.ActiveCfg = Debug|Any CPU
		{3F1F97D6-252C-4A2A-8B06-0E0D1FA33729}.Release|Any CPU.ActiveCfg = Release|Any CPU
		{E1DFEB4F-0197-4E40-A6CC-DAE9970BC299}.Debug|Any CPU.ActiveCfg = Debug|Any CPU
		{E1DFEB4F-0197-4E40-A6CC-DAE9970BC299}.Release|Any CPU.ActiveCfg = Release|Any CPU
		{771C79B8-2034-45DF-B706-C0BA9023D5F9}.Debug|Any CPU.ActiveCfg = Debug|Any CPU
		{771C79B8-2034-45DF-B706-C0BA9023D5F9}.Release|Any CPU.ActiveCfg = Release|Any CPU
		{2728D5A3-3B0E-4938-B590-E5727D547817}.Debug|Any CPU.ActiveCfg = Debug|Any CPU
		{2728D5A3-3B0E-4938-B590-E5727D547817}.Release|Any CPU.ActiveCfg = Release|Any CPU
		{20CA2F8F-5D5D-4740-B4D8-C4D36D88CFF5}.Debug|Any CPU.ActiveCfg = Debug|Any CPU
		{20CA2F8F-5D5D-4740-B4D8-C4D36D88CFF5}.Release|Any CPU.ActiveCfg = Release|Any CPU
		{CFFC7C74-F9DE-46D9-9991-6B12DD9228A0}.Debug|Any CPU.ActiveCfg = Debug|Any CPU
		{CFFC7C74-F9DE-46D9-9991-6B12DD9228A0}.Release|Any CPU.ActiveCfg = Release|Any CPU
		{98C79CB9-B34E-4EC6-AB38-43B5211D0FB7}.Debug|Any CPU.ActiveCfg = Debug|Any CPU
		{98C79CB9-B34E-4EC6-AB38-43B5211D0FB7}.Release|Any CPU.ActiveCfg = Release|Any CPU
		{A22678F5-FBA2-4162-9EFD-D35A88B430BD}.Debug|Any CPU.ActiveCfg = Debug|Any CPU
		{A22678F5-FBA2-4162-9EFD-D35A88B430BD}.Release|Any CPU.ActiveCfg = Release|Any CPU
		{79F138C3-D0C4-4124-981C-CF0935479C39}.Debug|Any CPU.ActiveCfg = Debug|Any CPU
		{79F138C3-D0C4-4124-981C-CF0935479C39}.Release|Any CPU.ActiveCfg = Release|Any CPU
		{8238BFE2-F4AB-452E-BCEA-D971619CD82F}.Debug|Any CPU.ActiveCfg = Debug|Any CPU
		{8238BFE2-F4AB-452E-BCEA-D971619CD82F}.Release|Any CPU.ActiveCfg = Release|Any CPU
		{44D08368-DEF3-4158-8139-99DEAC860E0E}.Debug|Any CPU.ActiveCfg = Debug|Any CPU
		{44D08368-DEF3-4158-8139-99DEAC860E0E}.Release|Any CPU.ActiveCfg = Release|Any CPU
		{536BA550-8841-4B8E-BC8F-5274F728ABE4}.Debug|Any CPU.ActiveCfg = Debug|Any CPU
		{536BA550-8841-4B8E-BC8F-5274F728ABE4}.Release|Any CPU.ActiveCfg = Release|Any CPU
		{746E11C9-F5F5-426F-BBC2-D97D9AB1BB96}.Debug|Any CPU.ActiveCfg = Debug|Any CPU
		{746E11C9-F5F5-426F-BBC2-D97D9AB1BB96}.Release|Any CPU.ActiveCfg = Release|Any CPU
		{7ED7D58E-1043-41A6-A1B5-00901F67F653}.Debug|Any CPU.ActiveCfg = Debug|Any CPU
		{7ED7D58E-1043-41A6-A1B5-00901F67F653}.Release|Any CPU.ActiveCfg = Release|Any CPU
		{853EBCB6-243E-49BD-9D84-AD9DB819B652}.Debug|Any CPU.ActiveCfg = Debug|Any CPU
		{853EBCB6-243E-49BD-9D84-AD9DB819B652}.Release|Any CPU.ActiveCfg = Release|Any CPU
		{32124D4E-3BE6-4ED9-B7EC-A4ACF54788C5}.Debug|Any CPU.ActiveCfg = Debug|Any CPU
		{32124D4E-3BE6-4ED9-B7EC-A4ACF54788C5}.Release|Any CPU.ActiveCfg = Release|Any CPU
		{CE16C6F7-2CAA-47D9-9281-E38E5138520E}.Debug|Any CPU.ActiveCfg = Debug|Any CPU
		{CE16C6F7-2CAA-47D9-9281-E38E5138520E}.Release|Any CPU.ActiveCfg = Release|Any CPU
		{4CA2C3B3-D91C-4D66-BF77-E4B9AE6735B3}.Debug|Any CPU.ActiveCfg = Debug|Any CPU
		{4CA2C3B3-D91C-4D66-BF77-E4B9AE6735B3}.Release|Any CPU.ActiveCfg = Release|Any CPU
		{6B91480B-2223-4CC7-B959-6FE18318ADF5}.Debug|Any CPU.ActiveCfg = Debug|Any CPU
		{6B91480B-2223-4CC7-B959-6FE18318ADF5}.Release|Any CPU.ActiveCfg = Release|Any CPU
		{883B5723-5D7C-4980-B01A-9F42183E7B2C}.Debug|Any CPU.ActiveCfg = Debug|Any CPU
		{883B5723-5D7C-4980-B01A-9F42183E7B2C}.Release|Any CPU.ActiveCfg = Release|Any CPU
		{BC48107E-D327-4989-A6DA-0521FF77CDFC}.Debug|Any CPU.ActiveCfg = Debug|Any CPU
		{BC48107E-D327-4989-A6DA-0521FF77CDFC}.Release|Any CPU.ActiveCfg = Release|Any CPU
		{34223144-EE89-42BA-B99D-A5B3A43626DE}.Debug|Any CPU.ActiveCfg = Debug|Any CPU
		{34223144-EE89-42BA-B99D-A5B3A43626DE}.Release|Any CPU.ActiveCfg = Release|Any CPU
		{8D90EDEB-4C1D-44E1-B818-A97F8B88B6CC}.Debug|Any CPU.ActiveCfg = Debug|Any CPU
		{8D90EDEB-4C1D-44E1-B818-A97F8B88B6CC}.Release|Any CPU.ActiveCfg = Release|Any CPU
		{90522F48-432F-473B-BC07-062E4FDEE550}.Debug|Any CPU.ActiveCfg = Debug|Any CPU
		{90522F48-432F-473B-BC07-062E4FDEE550}.Release|Any CPU.ActiveCfg = Release|Any CPU
		{5BFB3A40-DBE2-4B26-BB68-2A390E34B207}.Debug|Any CPU.ActiveCfg = Debug|Any CPU
		{5BFB3A40-DBE2-4B26-BB68-2A390E34B207}.Release|Any CPU.ActiveCfg = Release|Any CPU
		{1B5704C9-F3F3-43CC-8B9A-F07DE2AC692B}.Debug|Any CPU.ActiveCfg = Debug|Any CPU
		{1B5704C9-F3F3-43CC-8B9A-F07DE2AC692B}.Release|Any CPU.ActiveCfg = Release|Any CPU
<<<<<<< HEAD
<<<<<<< HEAD
=======
		{D3AD0214-631F-42EA-AD02-C114801BB411}.Debug|Any CPU.ActiveCfg = Debug|Any CPU
		{D3AD0214-631F-42EA-AD02-C114801BB411}.Release|Any CPU.ActiveCfg = Release|Any CPU
		{6EEAAA31-EBDA-4025-B101-E4923D1E30C0}.Debug|Any CPU.ActiveCfg = Debug|Any CPU
		{6EEAAA31-EBDA-4025-B101-E4923D1E30C0}.Release|Any CPU.ActiveCfg = Release|Any CPU
		{18CD7C5C-6596-49C2-A3BB-42E4CF9B8CBE}.Debug|Any CPU.ActiveCfg = Debug|Any CPU
		{18CD7C5C-6596-49C2-A3BB-42E4CF9B8CBE}.Release|Any CPU.ActiveCfg = Release|Any CPU
		{9AD51FE5-3B44-40DA-88D1-D24D8B2A0A79}.Debug|Any CPU.ActiveCfg = Debug|Any CPU
		{9AD51FE5-3B44-40DA-88D1-D24D8B2A0A79}.Release|Any CPU.ActiveCfg = Release|Any CPU
		{B0AB16A6-07C9-486B-8F92-708F33CB8BAB}.Debug|Any CPU.ActiveCfg = Debug|Any CPU
		{B0AB16A6-07C9-486B-8F92-708F33CB8BAB}.Release|Any CPU.ActiveCfg = Release|Any CPU
		{13F54F8F-AD8E-4ACD-8ACC-8EFC0ECACE05}.Debug|Any CPU.ActiveCfg = Debug|Any CPU
		{13F54F8F-AD8E-4ACD-8ACC-8EFC0ECACE05}.Release|Any CPU.ActiveCfg = Release|Any CPU
>>>>>>> 21522263
=======
>>>>>>> 73e8d180700991f87c621699f4f69cc5ccbcf3c3
		{642AF22B-BFB5-465D-81EA-29210A1390BB}.Debug|Any CPU.ActiveCfg = Debug|Any CPU
		{642AF22B-BFB5-465D-81EA-29210A1390BB}.Release|Any CPU.ActiveCfg = Release|Any CPU
		{ECB97C21-5CE5-4BE8-BA4A-169975029D2F}.Debug|Any CPU.ActiveCfg = Debug|Any CPU
		{ECB97C21-5CE5-4BE8-BA4A-169975029D2F}.Release|Any CPU.ActiveCfg = Release|Any CPU
		{2BC14CB0-6B43-4659-A14C-991B95D4F2C2}.Debug|Any CPU.ActiveCfg = Debug|Any CPU
		{2BC14CB0-6B43-4659-A14C-991B95D4F2C2}.Release|Any CPU.ActiveCfg = Release|Any CPU
<<<<<<< HEAD
<<<<<<< HEAD
=======
>>>>>>> 73e8d180700991f87c621699f4f69cc5ccbcf3c3
		{33507C67-2F52-4D4E-807C-D2056259BCA6}.Debug|Any CPU.ActiveCfg = Debug|Any CPU
		{33507C67-2F52-4D4E-807C-D2056259BCA6}.Release|Any CPU.ActiveCfg = Release|Any CPU
		{92880286-C89C-4A46-B09D-791A041E5797}.Debug|Any CPU.ActiveCfg = Debug|Any CPU
		{92880286-C89C-4A46-B09D-791A041E5797}.Release|Any CPU.ActiveCfg = Release|Any CPU
		{472A65D3-E584-424E-B2CE-25DABB4F8BCB}.Debug|Any CPU.ActiveCfg = Debug|Any CPU
		{472A65D3-E584-424E-B2CE-25DABB4F8BCB}.Release|Any CPU.ActiveCfg = Release|Any CPU
		{29DC67E4-36F2-42D6-845C-E48F054CEB0B}.Debug|Any CPU.ActiveCfg = Debug|Any CPU
		{29DC67E4-36F2-42D6-845C-E48F054CEB0B}.Release|Any CPU.ActiveCfg = Release|Any CPU
		{3C79C109-3406-4869-8C44-76D42027423D}.Debug|Any CPU.ActiveCfg = Debug|Any CPU
		{3C79C109-3406-4869-8C44-76D42027423D}.Release|Any CPU.ActiveCfg = Release|Any CPU
		{3CDAC940-D1B3-41BC-B257-A1F4AE35837D}.Debug|Any CPU.ActiveCfg = Debug|Any CPU
		{3CDAC940-D1B3-41BC-B257-A1F4AE35837D}.Release|Any CPU.ActiveCfg = Release|Any CPU
		{A4703F78-877A-4D99-A57F-9C0D48AEDE0B}.Debug|Any CPU.ActiveCfg = Debug|Any CPU
		{A4703F78-877A-4D99-A57F-9C0D48AEDE0B}.Release|Any CPU.ActiveCfg = Release|Any CPU
<<<<<<< HEAD
=======
		{9476C3B4-BCB8-4148-B87A-0D7B7750ABE7}.Debug|Any CPU.ActiveCfg = Debug|Any CPU
		{9476C3B4-BCB8-4148-B87A-0D7B7750ABE7}.Release|Any CPU.ActiveCfg = Release|Any CPU
		{1C93AD30-7AA5-46C5-82C5-D45996C96B4A}.Debug|Any CPU.ActiveCfg = Debug|Any CPU
		{1C93AD30-7AA5-46C5-82C5-D45996C96B4A}.Release|Any CPU.ActiveCfg = Release|Any CPU
		{3C4FEE73-EF8C-4A2F-BCFB-6B6A83B9A4A8}.Debug|Any CPU.ActiveCfg = Debug|Any CPU
		{3C4FEE73-EF8C-4A2F-BCFB-6B6A83B9A4A8}.Release|Any CPU.ActiveCfg = Release|Any CPU
		{63E625DD-E64B-4900-B5CE-A4EB830DC9E0}.Debug|Any CPU.ActiveCfg = Debug|Any CPU
		{63E625DD-E64B-4900-B5CE-A4EB830DC9E0}.Release|Any CPU.ActiveCfg = Release|Any CPU
		{130FDE84-D8C2-439C-9968-5736EA5B6F7F}.Debug|Any CPU.ActiveCfg = Debug|Any CPU
		{130FDE84-D8C2-439C-9968-5736EA5B6F7F}.Release|Any CPU.ActiveCfg = Release|Any CPU
		{AA7FA991-956C-4AD2-A791-E5FB3FA6900A}.Debug|Any CPU.ActiveCfg = Debug|Any CPU
		{AA7FA991-956C-4AD2-A791-E5FB3FA6900A}.Release|Any CPU.ActiveCfg = Release|Any CPU
		{E46C7B58-EF4D-45CD-A014-E44E4DA7F492}.Debug|Any CPU.ActiveCfg = Debug|Any CPU
		{E46C7B58-EF4D-45CD-A014-E44E4DA7F492}.Release|Any CPU.ActiveCfg = Release|Any CPU
		{509BACDD-2F8E-4CF6-86EF-4D973376EEA6}.Debug|Any CPU.ActiveCfg = Debug|Any CPU
		{509BACDD-2F8E-4CF6-86EF-4D973376EEA6}.Release|Any CPU.ActiveCfg = Release|Any CPU
		{B3B4F79C-1CC9-4783-8537-13056DCAED32}.Debug|Any CPU.ActiveCfg = Debug|Any CPU
		{B3B4F79C-1CC9-4783-8537-13056DCAED32}.Release|Any CPU.ActiveCfg = Release|Any CPU
		{305C4007-4EB0-4092-A51E-A7480C9E3D36}.Debug|Any CPU.ActiveCfg = Debug|Any CPU
		{305C4007-4EB0-4092-A51E-A7480C9E3D36}.Release|Any CPU.ActiveCfg = Release|Any CPU
		{51711717-7A4F-4B39-A528-08B008357B9D}.Debug|Any CPU.ActiveCfg = Debug|Any CPU
		{51711717-7A4F-4B39-A528-08B008357B9D}.Release|Any CPU.ActiveCfg = Release|Any CPU
		{C5B04046-161F-4E24-83F4-CF2E29E423AB}.Debug|Any CPU.ActiveCfg = Debug|Any CPU
		{C5B04046-161F-4E24-83F4-CF2E29E423AB}.Release|Any CPU.ActiveCfg = Release|Any CPU
		{3D38ADE8-926F-4926-A2CE-E6E35A66E40B}.Debug|Any CPU.ActiveCfg = Debug|Any CPU
		{3D38ADE8-926F-4926-A2CE-E6E35A66E40B}.Release|Any CPU.ActiveCfg = Release|Any CPU
		{D139449D-766A-4CCF-81B4-5D71D207B14E}.Debug|Any CPU.ActiveCfg = Debug|Any CPU
		{D139449D-766A-4CCF-81B4-5D71D207B14E}.Release|Any CPU.ActiveCfg = Release|Any CPU
		{F460A0DF-F100-4D66-A831-9D30306C78F9}.Debug|Any CPU.ActiveCfg = Debug|Any CPU
		{F460A0DF-F100-4D66-A831-9D30306C78F9}.Release|Any CPU.ActiveCfg = Release|Any CPU
		{D992FDC5-404F-4062-88B5-35E2B72E7A77}.Debug|Any CPU.ActiveCfg = Debug|Any CPU
		{D992FDC5-404F-4062-88B5-35E2B72E7A77}.Release|Any CPU.ActiveCfg = Release|Any CPU
>>>>>>> 21522263
=======
>>>>>>> 73e8d180700991f87c621699f4f69cc5ccbcf3c3
	EndGlobalSection
	GlobalSection(SolutionProperties) = preSolution
		HideSolutionNode = FALSE
	EndGlobalSection
	GlobalSection(ExtensibilityGlobals) = postSolution
		SolutionGuid = {76ECE502-483B-47E8-B56E-8F81F1162D1B}
	EndGlobalSection
EndGlobal
