
Microsoft Visual Studio Solution File, Format Version 12.00
# Visual Studio Version 17
VisualStudioVersion = 17.3.32901.215
MinimumVisualStudioVersion = 10.0.40219.1
Project("{888888A0-9F3D-457C-B088-3A5042F75D52}") = "21520316", "21520316\21520316.pyproj", "{2244922C-FD01-4D82-A1C3-CC7450979D65}"
EndProject
Global
	GlobalSection(SolutionConfigurationPlatforms) = preSolution
		Debug|Any CPU = Debug|Any CPU
		Release|Any CPU = Release|Any CPU
	EndGlobalSection
	GlobalSection(ProjectConfigurationPlatforms) = postSolution
		{2244922C-FD01-4D82-A1C3-CC7450979D65}.Debug|Any CPU.ActiveCfg = Debug|Any CPU
		{2244922C-FD01-4D82-A1C3-CC7450979D65}.Release|Any CPU.ActiveCfg = Release|Any CPU
	EndGlobalSection
	GlobalSection(SolutionProperties) = preSolution
		HideSolutionNode = FALSE
	EndGlobalSection
	GlobalSection(ExtensibilityGlobals) = postSolution
		SolutionGuid = {76ECE502-483B-47E8-B56E-8F81F1162D1B}
	EndGlobalSection
EndGlobal
